// !$*UTF8*$!
{
	archiveVersion = 1;
	classes = {
	};
	objectVersion = 56;
	objects = {

/* Begin PBXBuildFile section */
		7BA6D0F82B077080005F185A /* AppDelegate.swift in Sources */ = {isa = PBXBuildFile; fileRef = 7BA6D0F72B077080005F185A /* AppDelegate.swift */; };
		7BA6D0FA2B077080005F185A /* SceneDelegate.swift in Sources */ = {isa = PBXBuildFile; fileRef = 7BA6D0F92B077080005F185A /* SceneDelegate.swift */; };
		7BA6D0FC2B077080005F185A /* MainViewController.swift in Sources */ = {isa = PBXBuildFile; fileRef = 7BA6D0FB2B077080005F185A /* MainViewController.swift */; };
		7BA6D0FF2B077080005F185A /* Main.storyboard in Resources */ = {isa = PBXBuildFile; fileRef = 7BA6D0FD2B077080005F185A /* Main.storyboard */; };
		7BA6D1012B077081005F185A /* Assets.xcassets in Resources */ = {isa = PBXBuildFile; fileRef = 7BA6D1002B077081005F185A /* Assets.xcassets */; };
		7BA6D1042B077081005F185A /* LaunchScreen.storyboard in Resources */ = {isa = PBXBuildFile; fileRef = 7BA6D1022B077081005F185A /* LaunchScreen.storyboard */; };
		7BA6D1102B077110005F185A /* Alamofire in Frameworks */ = {isa = PBXBuildFile; productRef = 7BA6D10F2B077110005F185A /* Alamofire */; };
		7BA6D1192B077CD6005F185A /* Robot.swift in Sources */ = {isa = PBXBuildFile; fileRef = 7BA6D1182B077CD6005F185A /* Robot.swift */; };
		7BA6D11D2B077FD5005F185A /* RobotsViewController.swift in Sources */ = {isa = PBXBuildFile; fileRef = 7BA6D11C2B077FD5005F185A /* RobotsViewController.swift */; };
		7BA6D1212B078154005F185A /* RobotCell.swift in Sources */ = {isa = PBXBuildFile; fileRef = 7BA6D1202B078154005F185A /* RobotCell.swift */; };
		7BA6D1232B07884E005F185A /* NetworkManager.swift in Sources */ = {isa = PBXBuildFile; fileRef = 7BA6D1222B07884E005F185A /* NetworkManager.swift */; };
/* End PBXBuildFile section */

/* Begin PBXFileReference section */
		7BA6D0F42B077080005F185A /* AlamofireApp.app */ = {isa = PBXFileReference; explicitFileType = wrapper.application; includeInIndex = 0; path = AlamofireApp.app; sourceTree = BUILT_PRODUCTS_DIR; };
		7BA6D0F72B077080005F185A /* AppDelegate.swift */ = {isa = PBXFileReference; lastKnownFileType = sourcecode.swift; path = AppDelegate.swift; sourceTree = "<group>"; };
		7BA6D0F92B077080005F185A /* SceneDelegate.swift */ = {isa = PBXFileReference; lastKnownFileType = sourcecode.swift; path = SceneDelegate.swift; sourceTree = "<group>"; };
		7BA6D0FB2B077080005F185A /* MainViewController.swift */ = {isa = PBXFileReference; lastKnownFileType = sourcecode.swift; path = MainViewController.swift; sourceTree = "<group>"; };
		7BA6D0FE2B077080005F185A /* Base */ = {isa = PBXFileReference; lastKnownFileType = file.storyboard; name = Base; path = Base.lproj/Main.storyboard; sourceTree = "<group>"; };
		7BA6D1002B077081005F185A /* Assets.xcassets */ = {isa = PBXFileReference; lastKnownFileType = folder.assetcatalog; path = Assets.xcassets; sourceTree = "<group>"; };
		7BA6D1032B077081005F185A /* Base */ = {isa = PBXFileReference; lastKnownFileType = file.storyboard; name = Base; path = Base.lproj/LaunchScreen.storyboard; sourceTree = "<group>"; };
		7BA6D1052B077081005F185A /* Info.plist */ = {isa = PBXFileReference; lastKnownFileType = text.plist.xml; path = Info.plist; sourceTree = "<group>"; };
		7BA6D1182B077CD6005F185A /* Robot.swift */ = {isa = PBXFileReference; lastKnownFileType = sourcecode.swift; path = Robot.swift; sourceTree = "<group>"; };
		7BA6D11C2B077FD5005F185A /* RobotsViewController.swift */ = {isa = PBXFileReference; lastKnownFileType = sourcecode.swift; path = RobotsViewController.swift; sourceTree = "<group>"; };
		7BA6D1202B078154005F185A /* RobotCell.swift */ = {isa = PBXFileReference; lastKnownFileType = sourcecode.swift; path = RobotCell.swift; sourceTree = "<group>"; };
		7BA6D1222B07884E005F185A /* NetworkManager.swift */ = {isa = PBXFileReference; lastKnownFileType = sourcecode.swift; path = NetworkManager.swift; sourceTree = "<group>"; };
/* End PBXFileReference section */

/* Begin PBXFrameworksBuildPhase section */
		7BA6D0F12B077080005F185A /* Frameworks */ = {
			isa = PBXFrameworksBuildPhase;
			buildActionMask = 2147483647;
			files = (
				7BA6D1102B077110005F185A /* Alamofire in Frameworks */,
			);
			runOnlyForDeploymentPostprocessing = 0;
		};
/* End PBXFrameworksBuildPhase section */

/* Begin PBXGroup section */
		7BA6D0EB2B077080005F185A = {
			isa = PBXGroup;
			children = (
				7BA6D0F62B077080005F185A /* AlamofireApp */,
				7BA6D0F52B077080005F185A /* Products */,
			);
			sourceTree = "<group>";
		};
		7BA6D0F52B077080005F185A /* Products */ = {
			isa = PBXGroup;
			children = (
				7BA6D0F42B077080005F185A /* AlamofireApp.app */,
			);
			name = Products;
			sourceTree = "<group>";
		};
		7BA6D0F62B077080005F185A /* AlamofireApp */ = {
			isa = PBXGroup;
			children = (
				7BA6D1172B07749A005F185A /* ViewControllers */,
				7BA6D1162B07748A005F185A /* Views */,
				7BA6D1152B07746E005F185A /* App */,
				7BA6D1142B077451005F185A /* Models */,
				7BA6D1132B077443005F185A /* Services */,
				7BA6D1122B07741D005F185A /* Storyboards */,
				7BA6D1112B077408005F185A /* Resources */,
			);
			path = AlamofireApp;
			sourceTree = "<group>";
		};
		7BA6D1112B077408005F185A /* Resources */ = {
			isa = PBXGroup;
			children = (
				7BA6D1002B077081005F185A /* Assets.xcassets */,
			);
			path = Resources;
			sourceTree = "<group>";
		};
		7BA6D1122B07741D005F185A /* Storyboards */ = {
			isa = PBXGroup;
			children = (
				7BA6D0FD2B077080005F185A /* Main.storyboard */,
				7BA6D1022B077081005F185A /* LaunchScreen.storyboard */,
			);
			path = Storyboards;
			sourceTree = "<group>";
		};
		7BA6D1132B077443005F185A /* Services */ = {
			isa = PBXGroup;
			children = (
				7BA6D1222B07884E005F185A /* NetworkManager.swift */,
			);
			path = Services;
			sourceTree = "<group>";
		};
		7BA6D1142B077451005F185A /* Models */ = {
			isa = PBXGroup;
			children = (
				7BA6D1182B077CD6005F185A /* Robot.swift */,
			);
			path = Models;
			sourceTree = "<group>";
		};
		7BA6D1152B07746E005F185A /* App */ = {
			isa = PBXGroup;
			children = (
				7BA6D0F92B077080005F185A /* SceneDelegate.swift */,
				7BA6D0F72B077080005F185A /* AppDelegate.swift */,
				7BA6D1052B077081005F185A /* Info.plist */,
			);
			path = App;
			sourceTree = "<group>";
		};
		7BA6D1162B07748A005F185A /* Views */ = {
			isa = PBXGroup;
			children = (
				7BA6D1202B078154005F185A /* RobotCell.swift */,
			);
			path = Views;
			sourceTree = "<group>";
		};
		7BA6D1172B07749A005F185A /* ViewControllers */ = {
			isa = PBXGroup;
			children = (
				7BA6D0FB2B077080005F185A /* MainViewController.swift */,
				7BA6D11C2B077FD5005F185A /* RobotsViewController.swift */,
			);
			path = ViewControllers;
			sourceTree = "<group>";
		};
/* End PBXGroup section */

/* Begin PBXNativeTarget section */
		7BA6D0F32B077080005F185A /* AlamofireApp */ = {
			isa = PBXNativeTarget;
			buildConfigurationList = 7BA6D1082B077081005F185A /* Build configuration list for PBXNativeTarget "AlamofireApp" */;
			buildPhases = (
				7BA6D0F02B077080005F185A /* Sources */,
				7BA6D0F12B077080005F185A /* Frameworks */,
				7BA6D0F22B077080005F185A /* Resources */,
			);
			buildRules = (
			);
			dependencies = (
			);
			name = AlamofireApp;
			packageProductDependencies = (
				7BA6D10F2B077110005F185A /* Alamofire */,
			);
			productName = AlamofireApp;
			productReference = 7BA6D0F42B077080005F185A /* AlamofireApp.app */;
			productType = "com.apple.product-type.application";
		};
/* End PBXNativeTarget section */

/* Begin PBXProject section */
		7BA6D0EC2B077080005F185A /* Project object */ = {
			isa = PBXProject;
			attributes = {
				BuildIndependentTargetsInParallel = 1;
				LastSwiftUpdateCheck = 1500;
				LastUpgradeCheck = 1500;
				TargetAttributes = {
					7BA6D0F32B077080005F185A = {
						CreatedOnToolsVersion = 15.0.1;
					};
				};
			};
			buildConfigurationList = 7BA6D0EF2B077080005F185A /* Build configuration list for PBXProject "AlamofireApp" */;
			compatibilityVersion = "Xcode 14.0";
			developmentRegion = en;
			hasScannedForEncodings = 0;
			knownRegions = (
				en,
				Base,
			);
			mainGroup = 7BA6D0EB2B077080005F185A;
			packageReferences = (
				7BA6D10E2B077110005F185A /* XCRemoteSwiftPackageReference "Alamofire" */,
			);
			productRefGroup = 7BA6D0F52B077080005F185A /* Products */;
			projectDirPath = "";
			projectRoot = "";
			targets = (
				7BA6D0F32B077080005F185A /* AlamofireApp */,
			);
		};
/* End PBXProject section */

/* Begin PBXResourcesBuildPhase section */
		7BA6D0F22B077080005F185A /* Resources */ = {
			isa = PBXResourcesBuildPhase;
			buildActionMask = 2147483647;
			files = (
				7BA6D1042B077081005F185A /* LaunchScreen.storyboard in Resources */,
				7BA6D1012B077081005F185A /* Assets.xcassets in Resources */,
				7BA6D0FF2B077080005F185A /* Main.storyboard in Resources */,
			);
			runOnlyForDeploymentPostprocessing = 0;
		};
/* End PBXResourcesBuildPhase section */

/* Begin PBXSourcesBuildPhase section */
		7BA6D0F02B077080005F185A /* Sources */ = {
			isa = PBXSourcesBuildPhase;
			buildActionMask = 2147483647;
			files = (
				7BA6D1212B078154005F185A /* RobotCell.swift in Sources */,
				7BA6D11D2B077FD5005F185A /* RobotsViewController.swift in Sources */,
				7BA6D1192B077CD6005F185A /* Robot.swift in Sources */,
				7BA6D1232B07884E005F185A /* NetworkManager.swift in Sources */,
				7BA6D0FC2B077080005F185A /* MainViewController.swift in Sources */,
				7BA6D0F82B077080005F185A /* AppDelegate.swift in Sources */,
				7BA6D0FA2B077080005F185A /* SceneDelegate.swift in Sources */,
			);
			runOnlyForDeploymentPostprocessing = 0;
		};
/* End PBXSourcesBuildPhase section */

/* Begin PBXVariantGroup section */
		7BA6D0FD2B077080005F185A /* Main.storyboard */ = {
			isa = PBXVariantGroup;
			children = (
				7BA6D0FE2B077080005F185A /* Base */,
			);
			name = Main.storyboard;
			sourceTree = "<group>";
		};
		7BA6D1022B077081005F185A /* LaunchScreen.storyboard */ = {
			isa = PBXVariantGroup;
			children = (
				7BA6D1032B077081005F185A /* Base */,
			);
			name = LaunchScreen.storyboard;
			sourceTree = "<group>";
		};
/* End PBXVariantGroup section */

/* Begin XCBuildConfiguration section */
		7BA6D1062B077081005F185A /* Debug */ = {
			isa = XCBuildConfiguration;
			buildSettings = {
				ALWAYS_SEARCH_USER_PATHS = NO;
				ASSETCATALOG_COMPILER_GENERATE_SWIFT_ASSET_SYMBOL_EXTENSIONS = YES;
				CLANG_ANALYZER_NONNULL = YES;
				CLANG_ANALYZER_NUMBER_OBJECT_CONVERSION = YES_AGGRESSIVE;
				CLANG_CXX_LANGUAGE_STANDARD = "gnu++20";
				CLANG_ENABLE_MODULES = YES;
				CLANG_ENABLE_OBJC_ARC = YES;
				CLANG_ENABLE_OBJC_WEAK = YES;
				CLANG_WARN_BLOCK_CAPTURE_AUTORELEASING = YES;
				CLANG_WARN_BOOL_CONVERSION = YES;
				CLANG_WARN_COMMA = YES;
				CLANG_WARN_CONSTANT_CONVERSION = YES;
				CLANG_WARN_DEPRECATED_OBJC_IMPLEMENTATIONS = YES;
				CLANG_WARN_DIRECT_OBJC_ISA_USAGE = YES_ERROR;
				CLANG_WARN_DOCUMENTATION_COMMENTS = YES;
				CLANG_WARN_EMPTY_BODY = YES;
				CLANG_WARN_ENUM_CONVERSION = YES;
				CLANG_WARN_INFINITE_RECURSION = YES;
				CLANG_WARN_INT_CONVERSION = YES;
				CLANG_WARN_NON_LITERAL_NULL_CONVERSION = YES;
				CLANG_WARN_OBJC_IMPLICIT_RETAIN_SELF = YES;
				CLANG_WARN_OBJC_LITERAL_CONVERSION = YES;
				CLANG_WARN_OBJC_ROOT_CLASS = YES_ERROR;
				CLANG_WARN_QUOTED_INCLUDE_IN_FRAMEWORK_HEADER = YES;
				CLANG_WARN_RANGE_LOOP_ANALYSIS = YES;
				CLANG_WARN_STRICT_PROTOTYPES = YES;
				CLANG_WARN_SUSPICIOUS_MOVE = YES;
				CLANG_WARN_UNGUARDED_AVAILABILITY = YES_AGGRESSIVE;
				CLANG_WARN_UNREACHABLE_CODE = YES;
				CLANG_WARN__DUPLICATE_METHOD_MATCH = YES;
				COPY_PHASE_STRIP = NO;
				DEBUG_INFORMATION_FORMAT = dwarf;
				ENABLE_STRICT_OBJC_MSGSEND = YES;
				ENABLE_TESTABILITY = YES;
				ENABLE_USER_SCRIPT_SANDBOXING = YES;
				GCC_C_LANGUAGE_STANDARD = gnu17;
				GCC_DYNAMIC_NO_PIC = NO;
				GCC_NO_COMMON_BLOCKS = YES;
				GCC_OPTIMIZATION_LEVEL = 0;
				GCC_PREPROCESSOR_DEFINITIONS = (
					"DEBUG=1",
					"$(inherited)",
				);
				GCC_WARN_64_TO_32_BIT_CONVERSION = YES;
				GCC_WARN_ABOUT_RETURN_TYPE = YES_ERROR;
				GCC_WARN_UNDECLARED_SELECTOR = YES;
				GCC_WARN_UNINITIALIZED_AUTOS = YES_AGGRESSIVE;
				GCC_WARN_UNUSED_FUNCTION = YES;
				GCC_WARN_UNUSED_VARIABLE = YES;
				IPHONEOS_DEPLOYMENT_TARGET = 17.0;
				LOCALIZATION_PREFERS_STRING_CATALOGS = YES;
				MTL_ENABLE_DEBUG_INFO = INCLUDE_SOURCE;
				MTL_FAST_MATH = YES;
				ONLY_ACTIVE_ARCH = YES;
				SDKROOT = iphoneos;
				SWIFT_ACTIVE_COMPILATION_CONDITIONS = "DEBUG $(inherited)";
				SWIFT_OPTIMIZATION_LEVEL = "-Onone";
			};
			name = Debug;
		};
		7BA6D1072B077081005F185A /* Release */ = {
			isa = XCBuildConfiguration;
			buildSettings = {
				ALWAYS_SEARCH_USER_PATHS = NO;
				ASSETCATALOG_COMPILER_GENERATE_SWIFT_ASSET_SYMBOL_EXTENSIONS = YES;
				CLANG_ANALYZER_NONNULL = YES;
				CLANG_ANALYZER_NUMBER_OBJECT_CONVERSION = YES_AGGRESSIVE;
				CLANG_CXX_LANGUAGE_STANDARD = "gnu++20";
				CLANG_ENABLE_MODULES = YES;
				CLANG_ENABLE_OBJC_ARC = YES;
				CLANG_ENABLE_OBJC_WEAK = YES;
				CLANG_WARN_BLOCK_CAPTURE_AUTORELEASING = YES;
				CLANG_WARN_BOOL_CONVERSION = YES;
				CLANG_WARN_COMMA = YES;
				CLANG_WARN_CONSTANT_CONVERSION = YES;
				CLANG_WARN_DEPRECATED_OBJC_IMPLEMENTATIONS = YES;
				CLANG_WARN_DIRECT_OBJC_ISA_USAGE = YES_ERROR;
				CLANG_WARN_DOCUMENTATION_COMMENTS = YES;
				CLANG_WARN_EMPTY_BODY = YES;
				CLANG_WARN_ENUM_CONVERSION = YES;
				CLANG_WARN_INFINITE_RECURSION = YES;
				CLANG_WARN_INT_CONVERSION = YES;
				CLANG_WARN_NON_LITERAL_NULL_CONVERSION = YES;
				CLANG_WARN_OBJC_IMPLICIT_RETAIN_SELF = YES;
				CLANG_WARN_OBJC_LITERAL_CONVERSION = YES;
				CLANG_WARN_OBJC_ROOT_CLASS = YES_ERROR;
				CLANG_WARN_QUOTED_INCLUDE_IN_FRAMEWORK_HEADER = YES;
				CLANG_WARN_RANGE_LOOP_ANALYSIS = YES;
				CLANG_WARN_STRICT_PROTOTYPES = YES;
				CLANG_WARN_SUSPICIOUS_MOVE = YES;
				CLANG_WARN_UNGUARDED_AVAILABILITY = YES_AGGRESSIVE;
				CLANG_WARN_UNREACHABLE_CODE = YES;
				CLANG_WARN__DUPLICATE_METHOD_MATCH = YES;
				COPY_PHASE_STRIP = NO;
				DEBUG_INFORMATION_FORMAT = "dwarf-with-dsym";
				ENABLE_NS_ASSERTIONS = NO;
				ENABLE_STRICT_OBJC_MSGSEND = YES;
				ENABLE_USER_SCRIPT_SANDBOXING = YES;
				GCC_C_LANGUAGE_STANDARD = gnu17;
				GCC_NO_COMMON_BLOCKS = YES;
				GCC_WARN_64_TO_32_BIT_CONVERSION = YES;
				GCC_WARN_ABOUT_RETURN_TYPE = YES_ERROR;
				GCC_WARN_UNDECLARED_SELECTOR = YES;
				GCC_WARN_UNINITIALIZED_AUTOS = YES_AGGRESSIVE;
				GCC_WARN_UNUSED_FUNCTION = YES;
				GCC_WARN_UNUSED_VARIABLE = YES;
				IPHONEOS_DEPLOYMENT_TARGET = 17.0;
				LOCALIZATION_PREFERS_STRING_CATALOGS = YES;
				MTL_ENABLE_DEBUG_INFO = NO;
				MTL_FAST_MATH = YES;
				SDKROOT = iphoneos;
				SWIFT_COMPILATION_MODE = wholemodule;
				VALIDATE_PRODUCT = YES;
			};
			name = Release;
		};
		7BA6D1092B077081005F185A /* Debug */ = {
			isa = XCBuildConfiguration;
			buildSettings = {
				ASSETCATALOG_COMPILER_APPICON_NAME = AppIcon;
				ASSETCATALOG_COMPILER_GLOBAL_ACCENT_COLOR_NAME = AccentColor;
				CODE_SIGN_STYLE = Automatic;
				CURRENT_PROJECT_VERSION = 1;
				GENERATE_INFOPLIST_FILE = YES;
				INFOPLIST_FILE = AlamofireApp/App/Info.plist;
				INFOPLIST_KEY_UIApplicationSupportsIndirectInputEvents = YES;
				INFOPLIST_KEY_UILaunchStoryboardName = LaunchScreen;
				INFOPLIST_KEY_UIMainStoryboardFile = Main;
				INFOPLIST_KEY_UISupportedInterfaceOrientations_iPad = "UIInterfaceOrientationPortrait UIInterfaceOrientationPortraitUpsideDown UIInterfaceOrientationLandscapeLeft UIInterfaceOrientationLandscapeRight";
				INFOPLIST_KEY_UISupportedInterfaceOrientations_iPhone = "UIInterfaceOrientationPortrait UIInterfaceOrientationLandscapeLeft UIInterfaceOrientationLandscapeRight";
				LD_RUNPATH_SEARCH_PATHS = (
					"$(inherited)",
					"@executable_path/Frameworks",
				);
				MARKETING_VERSION = 1.0;
				PRODUCT_BUNDLE_IDENTIFIER = Tatya.AlamofireApp;
				PRODUCT_NAME = "$(TARGET_NAME)";
				SUPPORTED_PLATFORMS = "iphoneos iphonesimulator";
				SUPPORTS_MACCATALYST = NO;
				SUPPORTS_MAC_DESIGNED_FOR_IPHONE_IPAD = NO;
				SWIFT_EMIT_LOC_STRINGS = YES;
				SWIFT_VERSION = 5.0;
				TARGETED_DEVICE_FAMILY = 1;
			};
			name = Debug;
		};
		7BA6D10A2B077081005F185A /* Release */ = {
			isa = XCBuildConfiguration;
			buildSettings = {
				ASSETCATALOG_COMPILER_APPICON_NAME = AppIcon;
				ASSETCATALOG_COMPILER_GLOBAL_ACCENT_COLOR_NAME = AccentColor;
				CODE_SIGN_STYLE = Automatic;
				CURRENT_PROJECT_VERSION = 1;
				GENERATE_INFOPLIST_FILE = YES;
				INFOPLIST_FILE = AlamofireApp/App/Info.plist;
				INFOPLIST_KEY_UIApplicationSupportsIndirectInputEvents = YES;
				INFOPLIST_KEY_UILaunchStoryboardName = LaunchScreen;
				INFOPLIST_KEY_UIMainStoryboardFile = Main;
				INFOPLIST_KEY_UISupportedInterfaceOrientations_iPad = "UIInterfaceOrientationPortrait UIInterfaceOrientationPortraitUpsideDown UIInterfaceOrientationLandscapeLeft UIInterfaceOrientationLandscapeRight";
				INFOPLIST_KEY_UISupportedInterfaceOrientations_iPhone = "UIInterfaceOrientationPortrait UIInterfaceOrientationLandscapeLeft UIInterfaceOrientationLandscapeRight";
				LD_RUNPATH_SEARCH_PATHS = (
					"$(inherited)",
					"@executable_path/Frameworks",
				);
				MARKETING_VERSION = 1.0;
				PRODUCT_BUNDLE_IDENTIFIER = Tatya.AlamofireApp;
				PRODUCT_NAME = "$(TARGET_NAME)";
				SUPPORTED_PLATFORMS = "iphoneos iphonesimulator";
				SUPPORTS_MACCATALYST = NO;
				SUPPORTS_MAC_DESIGNED_FOR_IPHONE_IPAD = NO;
				SWIFT_EMIT_LOC_STRINGS = YES;
				SWIFT_VERSION = 5.0;
				TARGETED_DEVICE_FAMILY = 1;
			};
			name = Release;
		};
/* End XCBuildConfiguration section */

/* Begin XCConfigurationList section */
		7BA6D0EF2B077080005F185A /* Build configuration list for PBXProject "AlamofireApp" */ = {
			isa = XCConfigurationList;
			buildConfigurations = (
				7BA6D1062B077081005F185A /* Debug */,
				7BA6D1072B077081005F185A /* Release */,
			);
			defaultConfigurationIsVisible = 0;
			defaultConfigurationName = Release;
		};
		7BA6D1082B077081005F185A /* Build configuration list for PBXNativeTarget "AlamofireApp" */ = {
			isa = XCConfigurationList;
			buildConfigurations = (
				7BA6D1092B077081005F185A /* Debug */,
				7BA6D10A2B077081005F185A /* Release */,
			);
			defaultConfigurationIsVisible = 0;
			defaultConfigurationName = Release;
		};
/* End XCConfigurationList section */

/* Begin XCRemoteSwiftPackageReference section */
		7BA6D10E2B077110005F185A /* XCRemoteSwiftPackageReference "Alamofire" */ = {
			isa = XCRemoteSwiftPackageReference;
			repositoryURL = "https://github.com/Alamofire/Alamofire.git";
			requirement = {
				kind = upToNextMajorVersion;
				minimumVersion = 5.8.1;
			};
		};
/* End XCRemoteSwiftPackageReference section */

/* Begin XCSwiftPackageProductDependency section */
		7BA6D10F2B077110005F185A /* Alamofire */ = {
			isa = XCSwiftPackageProductDependency;
			package = 7BA6D10E2B077110005F185A /* XCRemoteSwiftPackageReference "Alamofire" */;
			productName = Alamofire;
		};
/* End XCSwiftPackageProductDependency section */
	};
	rootObject = 7BA6D0EC2B077080005F185A /* Project object */;
}
